
Microsoft Visual Studio Solution File, Format Version 12.00
# Visual Studio Version 17
VisualStudioVersion = 17.9.34622.214
MinimumVisualStudioVersion = 10.0.40219.1
Project("{2150E333-8FDC-42A3-9474-1A3956D46DE8}") = "Frontends", "Frontends", "{54124C75-4E8B-4CE5-BD24-E115F67415A6}"
EndProject
Project("{2150E333-8FDC-42A3-9474-1A3956D46DE8}") = "IdentityServer", "IdentityServer", "{E341A27D-10A7-4BCB-B25D-4C567461EC51}"
EndProject
Project("{2150E333-8FDC-42A3-9474-1A3956D46DE8}") = "Services", "Services", "{7BFAB648-F5D3-40EE-8F5A-80523DFBE94C}"
EndProject
Project("{2150E333-8FDC-42A3-9474-1A3956D46DE8}") = "Basket", "Basket", "{F7EBDFD2-376B-47D9-83FE-71717ACF5DEF}"
EndProject
Project("{2150E333-8FDC-42A3-9474-1A3956D46DE8}") = "Catalog", "Catalog", "{EB501175-B9A6-41DE-A69A-D66B709E87AF}"
EndProject
Project("{2150E333-8FDC-42A3-9474-1A3956D46DE8}") = "Comment", "Comment", "{BDBB94CD-9BBB-43C1-9E67-97B3DD631ED4}"
EndProject
Project("{2150E333-8FDC-42A3-9474-1A3956D46DE8}") = "Delivery", "Delivery", "{D0AEC96B-0EEF-4299-BECF-E10B33ABC51C}"
EndProject
Project("{2150E333-8FDC-42A3-9474-1A3956D46DE8}") = "Order", "Order", "{CDD6C121-7444-4923-A77A-EBA4BF371415}"
EndProject
Project("{2150E333-8FDC-42A3-9474-1A3956D46DE8}") = "Payment", "Payment", "{2B9C7A51-D169-48B1-8429-A05855029D6F}"
EndProject
Project("{9A19103F-16F7-4668-BE54-9A1E7A4F7556}") = "TakeAway.Catalog", "Services\Catalog\TakeAway.Catalog\TakeAway.Catalog.csproj", "{A9019659-0743-44D1-A564-47FF2F6C2B3E}"
EndProject
Project("{2150E333-8FDC-42A3-9474-1A3956D46DE8}") = "Discount", "Discount", "{BD8E7B24-84A1-4689-966F-B8BBA3691C61}"
EndProject
Project("{9A19103F-16F7-4668-BE54-9A1E7A4F7556}") = "TakeAway.Discount", "Services\Discount\TakeAway.Discount\TakeAway.Discount.csproj", "{7D096086-4B46-4B0C-9D10-65AF999AC410}"
EndProject
Project("{9A19103F-16F7-4668-BE54-9A1E7A4F7556}") = "TakeAway.IdentityServer", "IdentityServer\TakeAway.IdentityServer\TakeAway.IdentityServer.csproj", "{A5B632E5-A39A-452C-8C28-DAFF275F7726}"
EndProject
Project("{2150E333-8FDC-42A3-9474-1A3956D46DE8}") = "Core", "Core", "{0F24EC6D-D0DF-450B-BC86-B1B1E7C9ED9E}"
EndProject
Project("{2150E333-8FDC-42A3-9474-1A3956D46DE8}") = "Infrastructure", "Infrastructure", "{F953D2A2-62D6-4FE2-9C6E-EA3A168181A1}"
EndProject
Project("{2150E333-8FDC-42A3-9474-1A3956D46DE8}") = "Presentation", "Presentation", "{D4A66980-467F-40EE-9C61-6BD5D777791B}"
EndProject
Project("{9A19103F-16F7-4668-BE54-9A1E7A4F7556}") = "TakeAway.Application", "Services\Order\Core\TakeAway.Application\TakeAway.Application.csproj", "{571899AC-0B24-4D60-948E-B94A2693ED4E}"
EndProject
Project("{9A19103F-16F7-4668-BE54-9A1E7A4F7556}") = "TakeAway.Domain", "Services\Order\Core\TakeAway.Domain\TakeAway.Domain.csproj", "{C21B4BF7-B15D-4EB1-A319-16B3B680F967}"
EndProject
Project("{9A19103F-16F7-4668-BE54-9A1E7A4F7556}") = "TakeAway.Persistance", "Services\Order\Infrastructure\TakeAway.Persistance\TakeAway.Persistance.csproj", "{337A93BC-9414-4879-AECB-84648ECFF94B}"
EndProject
Project("{9A19103F-16F7-4668-BE54-9A1E7A4F7556}") = "TakeAway.OrderPresentation", "Services\Order\Presentation\TakeAway.OrderPresentation\TakeAway.OrderPresentation.csproj", "{1DE1733C-CEE9-4728-8891-9F2E946CD2D9}"
EndProject
Project("{9A19103F-16F7-4668-BE54-9A1E7A4F7556}") = "TakeAway.Basket", "Services\Basket\TakeAway.Basket\TakeAway.Basket.csproj", "{9D11F2FE-E778-4FA8-9132-1E5D8063E3C6}"
EndProject
Project("{9A19103F-16F7-4668-BE54-9A1E7A4F7556}") = "TakeAway.Comment", "Services\Comment\TakeAway.Comment\TakeAway.Comment.csproj", "{A0B593C6-B8F9-401C-9AD7-B7431F9936C5}"
EndProject
Project("{2150E333-8FDC-42A3-9474-1A3956D46DE8}") = "FrontEndss", "FrontEndss", "{DC5697DB-7669-4A9E-B352-A12D8F289534}"
EndProject
Project("{9A19103F-16F7-4668-BE54-9A1E7A4F7556}") = "TakeAway.WebUI", "FrontEndss\TakeAway.WebUI\TakeAway.WebUI.csproj", "{5D516F33-9C16-4F6A-B986-89688AC4E908}"
EndProject
Global
	GlobalSection(SolutionConfigurationPlatforms) = preSolution
		Debug|Any CPU = Debug|Any CPU
		Release|Any CPU = Release|Any CPU
	EndGlobalSection
	GlobalSection(ProjectConfigurationPlatforms) = postSolution
		{A9019659-0743-44D1-A564-47FF2F6C2B3E}.Debug|Any CPU.ActiveCfg = Debug|Any CPU
		{A9019659-0743-44D1-A564-47FF2F6C2B3E}.Debug|Any CPU.Build.0 = Debug|Any CPU
		{A9019659-0743-44D1-A564-47FF2F6C2B3E}.Release|Any CPU.ActiveCfg = Release|Any CPU
		{A9019659-0743-44D1-A564-47FF2F6C2B3E}.Release|Any CPU.Build.0 = Release|Any CPU
		{7D096086-4B46-4B0C-9D10-65AF999AC410}.Debug|Any CPU.ActiveCfg = Debug|Any CPU
		{7D096086-4B46-4B0C-9D10-65AF999AC410}.Debug|Any CPU.Build.0 = Debug|Any CPU
		{7D096086-4B46-4B0C-9D10-65AF999AC410}.Release|Any CPU.ActiveCfg = Release|Any CPU
		{7D096086-4B46-4B0C-9D10-65AF999AC410}.Release|Any CPU.Build.0 = Release|Any CPU
		{A5B632E5-A39A-452C-8C28-DAFF275F7726}.Debug|Any CPU.ActiveCfg = Debug|Any CPU
		{A5B632E5-A39A-452C-8C28-DAFF275F7726}.Debug|Any CPU.Build.0 = Debug|Any CPU
		{A5B632E5-A39A-452C-8C28-DAFF275F7726}.Release|Any CPU.ActiveCfg = Release|Any CPU
		{A5B632E5-A39A-452C-8C28-DAFF275F7726}.Release|Any CPU.Build.0 = Release|Any CPU
		{571899AC-0B24-4D60-948E-B94A2693ED4E}.Debug|Any CPU.ActiveCfg = Debug|Any CPU
		{571899AC-0B24-4D60-948E-B94A2693ED4E}.Debug|Any CPU.Build.0 = Debug|Any CPU
		{571899AC-0B24-4D60-948E-B94A2693ED4E}.Release|Any CPU.ActiveCfg = Release|Any CPU
		{571899AC-0B24-4D60-948E-B94A2693ED4E}.Release|Any CPU.Build.0 = Release|Any CPU
		{C21B4BF7-B15D-4EB1-A319-16B3B680F967}.Debug|Any CPU.ActiveCfg = Debug|Any CPU
		{C21B4BF7-B15D-4EB1-A319-16B3B680F967}.Debug|Any CPU.Build.0 = Debug|Any CPU
		{C21B4BF7-B15D-4EB1-A319-16B3B680F967}.Release|Any CPU.ActiveCfg = Release|Any CPU
		{C21B4BF7-B15D-4EB1-A319-16B3B680F967}.Release|Any CPU.Build.0 = Release|Any CPU
		{337A93BC-9414-4879-AECB-84648ECFF94B}.Debug|Any CPU.ActiveCfg = Debug|Any CPU
		{337A93BC-9414-4879-AECB-84648ECFF94B}.Debug|Any CPU.Build.0 = Debug|Any CPU
		{337A93BC-9414-4879-AECB-84648ECFF94B}.Release|Any CPU.ActiveCfg = Release|Any CPU
		{337A93BC-9414-4879-AECB-84648ECFF94B}.Release|Any CPU.Build.0 = Release|Any CPU
		{1DE1733C-CEE9-4728-8891-9F2E946CD2D9}.Debug|Any CPU.ActiveCfg = Debug|Any CPU
		{1DE1733C-CEE9-4728-8891-9F2E946CD2D9}.Debug|Any CPU.Build.0 = Debug|Any CPU
		{1DE1733C-CEE9-4728-8891-9F2E946CD2D9}.Release|Any CPU.ActiveCfg = Release|Any CPU
		{1DE1733C-CEE9-4728-8891-9F2E946CD2D9}.Release|Any CPU.Build.0 = Release|Any CPU
		{9D11F2FE-E778-4FA8-9132-1E5D8063E3C6}.Debug|Any CPU.ActiveCfg = Debug|Any CPU
		{9D11F2FE-E778-4FA8-9132-1E5D8063E3C6}.Debug|Any CPU.Build.0 = Debug|Any CPU
		{9D11F2FE-E778-4FA8-9132-1E5D8063E3C6}.Release|Any CPU.ActiveCfg = Release|Any CPU
		{9D11F2FE-E778-4FA8-9132-1E5D8063E3C6}.Release|Any CPU.Build.0 = Release|Any CPU
		{A0B593C6-B8F9-401C-9AD7-B7431F9936C5}.Debug|Any CPU.ActiveCfg = Debug|Any CPU
		{A0B593C6-B8F9-401C-9AD7-B7431F9936C5}.Debug|Any CPU.Build.0 = Debug|Any CPU
		{A0B593C6-B8F9-401C-9AD7-B7431F9936C5}.Release|Any CPU.ActiveCfg = Release|Any CPU
		{A0B593C6-B8F9-401C-9AD7-B7431F9936C5}.Release|Any CPU.Build.0 = Release|Any CPU
		{5D516F33-9C16-4F6A-B986-89688AC4E908}.Debug|Any CPU.ActiveCfg = Debug|Any CPU
		{5D516F33-9C16-4F6A-B986-89688AC4E908}.Debug|Any CPU.Build.0 = Debug|Any CPU
		{5D516F33-9C16-4F6A-B986-89688AC4E908}.Release|Any CPU.ActiveCfg = Release|Any CPU
		{5D516F33-9C16-4F6A-B986-89688AC4E908}.Release|Any CPU.Build.0 = Release|Any CPU
	EndGlobalSection
	GlobalSection(SolutionProperties) = preSolution
		HideSolutionNode = FALSE
	EndGlobalSection
	GlobalSection(NestedProjects) = preSolution
		{F7EBDFD2-376B-47D9-83FE-71717ACF5DEF} = {7BFAB648-F5D3-40EE-8F5A-80523DFBE94C}
		{EB501175-B9A6-41DE-A69A-D66B709E87AF} = {7BFAB648-F5D3-40EE-8F5A-80523DFBE94C}
		{BDBB94CD-9BBB-43C1-9E67-97B3DD631ED4} = {7BFAB648-F5D3-40EE-8F5A-80523DFBE94C}
		{D0AEC96B-0EEF-4299-BECF-E10B33ABC51C} = {7BFAB648-F5D3-40EE-8F5A-80523DFBE94C}
		{CDD6C121-7444-4923-A77A-EBA4BF371415} = {7BFAB648-F5D3-40EE-8F5A-80523DFBE94C}
		{2B9C7A51-D169-48B1-8429-A05855029D6F} = {7BFAB648-F5D3-40EE-8F5A-80523DFBE94C}
		{A9019659-0743-44D1-A564-47FF2F6C2B3E} = {EB501175-B9A6-41DE-A69A-D66B709E87AF}
		{BD8E7B24-84A1-4689-966F-B8BBA3691C61} = {7BFAB648-F5D3-40EE-8F5A-80523DFBE94C}
		{7D096086-4B46-4B0C-9D10-65AF999AC410} = {BD8E7B24-84A1-4689-966F-B8BBA3691C61}
		{A5B632E5-A39A-452C-8C28-DAFF275F7726} = {E341A27D-10A7-4BCB-B25D-4C567461EC51}
		{0F24EC6D-D0DF-450B-BC86-B1B1E7C9ED9E} = {CDD6C121-7444-4923-A77A-EBA4BF371415}
		{F953D2A2-62D6-4FE2-9C6E-EA3A168181A1} = {CDD6C121-7444-4923-A77A-EBA4BF371415}
		{D4A66980-467F-40EE-9C61-6BD5D777791B} = {CDD6C121-7444-4923-A77A-EBA4BF371415}
		{571899AC-0B24-4D60-948E-B94A2693ED4E} = {0F24EC6D-D0DF-450B-BC86-B1B1E7C9ED9E}
		{C21B4BF7-B15D-4EB1-A319-16B3B680F967} = {0F24EC6D-D0DF-450B-BC86-B1B1E7C9ED9E}
		{337A93BC-9414-4879-AECB-84648ECFF94B} = {F953D2A2-62D6-4FE2-9C6E-EA3A168181A1}
		{1DE1733C-CEE9-4728-8891-9F2E946CD2D9} = {D4A66980-467F-40EE-9C61-6BD5D777791B}
		{9D11F2FE-E778-4FA8-9132-1E5D8063E3C6} = {F7EBDFD2-376B-47D9-83FE-71717ACF5DEF}
		{A0B593C6-B8F9-401C-9AD7-B7431F9936C5} = {BDBB94CD-9BBB-43C1-9E67-97B3DD631ED4}
		{5D516F33-9C16-4F6A-B986-89688AC4E908} = {DC5697DB-7669-4A9E-B352-A12D8F289534}
	EndGlobalSection
	GlobalSection(ExtensibilityGlobals) = postSolution
		SolutionGuid = {5C07EEE6-7C0C-4E18-B6F7-797A0B9FF1D6}
	EndGlobalSection
EndGlobal
